
Microsoft Visual Studio Solution File, Format Version 12.00
# Visual Studio Version 16
VisualStudioVersion = 16.0.31129.286
MinimumVisualStudioVersion = 10.0.40219.1
Project("{FAE04EC0-301F-11D3-BF4B-00C04F79EFBC}") = "MouseUnSnag", "MouseUnSnag\MouseUnSnag.csproj", "{7EFEC53E-C4F0-4C0B-B3F7-123B78C373BE}"
EndProject
Global
	GlobalSection(SolutionConfigurationPlatforms) = preSolution
		Debug|Any CPU = Debug|Any CPU
		Release|Any CPU = Release|Any CPU
	EndGlobalSection
	GlobalSection(ProjectConfigurationPlatforms) = postSolution
		{7EFEC53E-C4F0-4C0B-B3F7-123B78C373BE}.Debug|Any CPU.ActiveCfg = Debug|Any CPU
		{7EFEC53E-C4F0-4C0B-B3F7-123B78C373BE}.Debug|Any CPU.Build.0 = Debug|Any CPU
		{7EFEC53E-C4F0-4C0B-B3F7-123B78C373BE}.Release|Any CPU.ActiveCfg = Release|Any CPU
		{7EFEC53E-C4F0-4C0B-B3F7-123B78C373BE}.Release|Any CPU.Build.0 = Release|Any CPU
	EndGlobalSection
	GlobalSection(SolutionProperties) = preSolution
		HideSolutionNode = FALSE
	EndGlobalSection
	GlobalSection(ExtensibilityGlobals) = postSolution
		SolutionGuid = {14414728-0905-4526-BF0A-AA7C1486DE6E}
	EndGlobalSection
EndGlobal
